<Solution>
  <Folder Name="/Elementos de la solución/">
    <File Path="README.md" />
    <File Path="stylecop.json" />
  </Folder>
  <Folder Name="/Solution Items/">
    <File Path=".editorconfig" />
  </Folder>
  <Project Path="AccessibilityAnalyzer.App/AccessibilityAnalyzer.App.csproj" />
  <Project Path="AccessibilityAnalyzer.Core/AccessibilityAnalyzer.Core.csproj" />
  <Project Path="AccessibilityAnalyzer.Tests/AccessibilityAnalyzer.Tests.csproj" Id="2e188422-7250-447d-b36c-a7b755873ba7" />
</Solution>
